dependencies:
- name: redis
  repository: https://charts.bitnami.com/bitnami
  version: 17.3.7
- name: mariadb
  repository: https://charts.bitnami.com/bitnami
  version: 11.3.3
digest: sha256:69289c0136ec75f8ddb97d148973b41ff36a1452cb02049cb2ad6ce933319b19
generated: "2022-11-02T18:09:01.624589+01:00"
