dependencies:
- name: redis-cluster
  repository: https://charts.bitnami.com/bitnami
  version: 8.2.7
- name: mariadb
  repository: https://charts.bitnami.com/bitnami
  version: 11.3.3
digest: sha256:2cd414b3f3833c64e8cf7f37a40735e5ea47bb846b570da62476bee1a1953447
generated: "2022-11-10T11:56:19.532007+01:00"
